// !$*UTF8*$!
{
	archiveVersion = 1;
	classes = {
	};
	objectVersion = 48;
	objects = {

/* Begin PBXBuildFile section */
		515E7E13200BCA89009A9484 /* AppDelegate.swift in Sources */ = {isa = PBXBuildFile; fileRef = 515E7E12200BCA89009A9484 /* AppDelegate.swift */; };
		515E7E15200BCA89009A9484 /* ViewController.swift in Sources */ = {isa = PBXBuildFile; fileRef = 515E7E14200BCA89009A9484 /* ViewController.swift */; };
		515E7E18200BCA89009A9484 /* Main.storyboard in Resources */ = {isa = PBXBuildFile; fileRef = 515E7E16200BCA89009A9484 /* Main.storyboard */; };
		515E7E1A200BCA89009A9484 /* Assets.xcassets in Resources */ = {isa = PBXBuildFile; fileRef = 515E7E19200BCA89009A9484 /* Assets.xcassets */; };
		515E7E1D200BCA89009A9484 /* LaunchScreen.storyboard in Resources */ = {isa = PBXBuildFile; fileRef = 515E7E1B200BCA89009A9484 /* LaunchScreen.storyboard */; };
/* End PBXBuildFile section */

/* Begin PBXFileReference section */
		515E7E0F200BCA89009A9484 /* HERE.app */ = {isa = PBXFileReference; explicitFileType = wrapper.application; includeInIndex = 0; path = HERE.app; sourceTree = BUILT_PRODUCTS_DIR; };
		515E7E12200BCA89009A9484 /* AppDelegate.swift */ = {isa = PBXFileReference; lastKnownFileType = sourcecode.swift; path = AppDelegate.swift; sourceTree = "<group>"; };
		515E7E14200BCA89009A9484 /* ViewController.swift */ = {isa = PBXFileReference; lastKnownFileType = sourcecode.swift; path = ViewController.swift; sourceTree = "<group>"; };
		515E7E17200BCA89009A9484 /* Base */ = {isa = PBXFileReference; lastKnownFileType = file.storyboard; name = Base; path = Base.lproj/Main.storyboard; sourceTree = "<group>"; };
		515E7E19200BCA89009A9484 /* Assets.xcassets */ = {isa = PBXFileReference; lastKnownFileType = folder.assetcatalog; path = Assets.xcassets; sourceTree = "<group>"; };
		515E7E1C200BCA89009A9484 /* Base */ = {isa = PBXFileReference; lastKnownFileType = file.storyboard; name = Base; path = Base.lproj/LaunchScreen.storyboard; sourceTree = "<group>"; };
		515E7E1E200BCA89009A9484 /* Info.plist */ = {isa = PBXFileReference; lastKnownFileType = text.plist.xml; path = Info.plist; sourceTree = "<group>"; };
/* End PBXFileReference section */

/* Begin PBXFrameworksBuildPhase section */
		515E7E0C200BCA89009A9484 /* Frameworks */ = {
			isa = PBXFrameworksBuildPhase;
			buildActionMask = 2147483647;
			files = (
			);
			runOnlyForDeploymentPostprocessing = 0;
		};
/* End PBXFrameworksBuildPhase section */

/* Begin PBXGroup section */
		515E7E06200BCA89009A9484 = {
			isa = PBXGroup;
			children = (
				515E7E11200BCA89009A9484 /* HERE */,
				515E7E10200BCA89009A9484 /* Products */,
			);
			sourceTree = "<group>";
		};
		515E7E10200BCA89009A9484 /* Products */ = {
			isa = PBXGroup;
			children = (
				515E7E0F200BCA89009A9484 /* HERE.app */,
			);
			name = Products;
			sourceTree = "<group>";
		};
		515E7E11200BCA89009A9484 /* HERE */ = {
			isa = PBXGroup;
			children = (
				515E7E12200BCA89009A9484 /* AppDelegate.swift */,
				515E7E14200BCA89009A9484 /* ViewController.swift */,
				515E7E16200BCA89009A9484 /* Main.storyboard */,
				515E7E19200BCA89009A9484 /* Assets.xcassets */,
				515E7E1B200BCA89009A9484 /* LaunchScreen.storyboard */,
				515E7E1E200BCA89009A9484 /* Info.plist */,
			);
			path = HERE;
			sourceTree = "<group>";
		};
/* End PBXGroup section */

/* Begin PBXNativeTarget section */
		515E7E0E200BCA89009A9484 /* HERE */ = {
			isa = PBXNativeTarget;
			buildConfigurationList = 515E7E21200BCA89009A9484 /* Build configuration list for PBXNativeTarget "HERE" */;
			buildPhases = (
				515E7E0B200BCA89009A9484 /* Sources */,
				515E7E0C200BCA89009A9484 /* Frameworks */,
				515E7E0D200BCA89009A9484 /* Resources */,
			);
			buildRules = (
			);
			dependencies = (
			);
			name = HERE;
			productName = HERE;
			productReference = 515E7E0F200BCA89009A9484 /* HERE.app */;
			productType = "com.apple.product-type.application";
		};
/* End PBXNativeTarget section */

/* Begin PBXProject section */
		515E7E07200BCA89009A9484 /* Project object */ = {
			isa = PBXProject;
			attributes = {
				LastSwiftUpdateCheck = 0920;
				LastUpgradeCheck = 0920;
				ORGANIZATIONNAME = "Anthony Anisimov";
				TargetAttributes = {
					515E7E0E200BCA89009A9484 = {
						CreatedOnToolsVersion = 9.2;
						ProvisioningStyle = Automatic;
					};
				};
			};
			buildConfigurationList = 515E7E0A200BCA89009A9484 /* Build configuration list for PBXProject "HERE" */;
			compatibilityVersion = "Xcode 8.0";
			developmentRegion = en;
			hasScannedForEncodings = 0;
			knownRegions = (
				en,
				Base,
			);
			mainGroup = 515E7E06200BCA89009A9484;
			productRefGroup = 515E7E10200BCA89009A9484 /* Products */;
			projectDirPath = "";
			projectRoot = "";
			targets = (
				515E7E0E200BCA89009A9484 /* HERE */,
			);
		};
/* End PBXProject section */

/* Begin PBXResourcesBuildPhase section */
		515E7E0D200BCA89009A9484 /* Resources */ = {
			isa = PBXResourcesBuildPhase;
			buildActionMask = 2147483647;
			files = (
				515E7E1D200BCA89009A9484 /* LaunchScreen.storyboard in Resources */,
				515E7E1A200BCA89009A9484 /* Assets.xcassets in Resources */,
				515E7E18200BCA89009A9484 /* Main.storyboard in Resources */,
			);
			runOnlyForDeploymentPostprocessing = 0;
		};
/* End PBXResourcesBuildPhase section */

/* Begin PBXSourcesBuildPhase section */
		515E7E0B200BCA89009A9484 /* Sources */ = {
			isa = PBXSourcesBuildPhase;
			buildActionMask = 2147483647;
			files = (
				515E7E15200BCA89009A9484 /* ViewController.swift in Sources */,
				515E7E13200BCA89009A9484 /* AppDelegate.swift in Sources */,
			);
			runOnlyForDeploymentPostprocessing = 0;
		};
/* End PBXSourcesBuildPhase section */

/* Begin PBXVariantGroup section */
		515E7E16200BCA89009A9484 /* Main.storyboard */ = {
			isa = PBXVariantGroup;
			children = (
				515E7E17200BCA89009A9484 /* Base */,
			);
			name = Main.storyboard;
			sourceTree = "<group>";
		};
		515E7E1B200BCA89009A9484 /* LaunchScreen.storyboard */ = {
			isa = PBXVariantGroup;
			children = (
				515E7E1C200BCA89009A9484 /* Base */,
			);
			name = LaunchScreen.storyboard;
			sourceTree = "<group>";
		};
/* End PBXVariantGroup section */

/* Begin XCBuildConfiguration section */
		515E7E1F200BCA89009A9484 /* Debug */ = {
			isa = XCBuildConfiguration;
			buildSettings = {
				ALWAYS_SEARCH_USER_PATHS = NO;
				CLANG_ANALYZER_NONNULL = YES;
				CLANG_ANALYZER_NUMBER_OBJECT_CONVERSION = YES_AGGRESSIVE;
				CLANG_CXX_LANGUAGE_STANDARD = "gnu++14";
				CLANG_CXX_LIBRARY = "libc++";
				CLANG_ENABLE_MODULES = YES;
				CLANG_ENABLE_OBJC_ARC = YES;
				CLANG_WARN_BLOCK_CAPTURE_AUTORELEASING = YES;
				CLANG_WARN_BOOL_CONVERSION = YES;
				CLANG_WARN_COMMA = YES;
				CLANG_WARN_CONSTANT_CONVERSION = YES;
				CLANG_WARN_DIRECT_OBJC_ISA_USAGE = YES_ERROR;
				CLANG_WARN_DOCUMENTATION_COMMENTS = YES;
				CLANG_WARN_EMPTY_BODY = YES;
				CLANG_WARN_ENUM_CONVERSION = YES;
				CLANG_WARN_INFINITE_RECURSION = YES;
				CLANG_WARN_INT_CONVERSION = YES;
				CLANG_WARN_NON_LITERAL_NULL_CONVERSION = YES;
				CLANG_WARN_OBJC_LITERAL_CONVERSION = YES;
				CLANG_WARN_OBJC_ROOT_CLASS = YES_ERROR;
				CLANG_WARN_RANGE_LOOP_ANALYSIS = YES;
				CLANG_WARN_STRICT_PROTOTYPES = YES;
				CLANG_WARN_SUSPICIOUS_MOVE = YES;
				CLANG_WARN_UNGUARDED_AVAILABILITY = YES_AGGRESSIVE;
				CLANG_WARN_UNREACHABLE_CODE = YES;
				CLANG_WARN__DUPLICATE_METHOD_MATCH = YES;
				CODE_SIGN_IDENTITY = "iPhone Developer";
				COPY_PHASE_STRIP = NO;
				DEBUG_INFORMATION_FORMAT = dwarf;
				ENABLE_STRICT_OBJC_MSGSEND = YES;
				ENABLE_TESTABILITY = YES;
				GCC_C_LANGUAGE_STANDARD = gnu11;
				GCC_DYNAMIC_NO_PIC = NO;
				GCC_NO_COMMON_BLOCKS = YES;
				GCC_OPTIMIZATION_LEVEL = 0;
				GCC_PREPROCESSOR_DEFINITIONS = (
					"DEBUG=1",
					"$(inherited)",
				);
				GCC_WARN_64_TO_32_BIT_CONVERSION = YES;
				GCC_WARN_ABOUT_RETURN_TYPE = YES_ERROR;
				GCC_WARN_UNDECLARED_SELECTOR = YES;
				GCC_WARN_UNINITIALIZED_AUTOS = YES_AGGRESSIVE;
				GCC_WARN_UNUSED_FUNCTION = YES;
				GCC_WARN_UNUSED_VARIABLE = YES;
				IPHONEOS_DEPLOYMENT_TARGET = 11.2;
				MTL_ENABLE_DEBUG_INFO = YES;
				ONLY_ACTIVE_ARCH = YES;
				SDKROOT = iphoneos;
				SWIFT_ACTIVE_COMPILATION_CONDITIONS = DEBUG;
				SWIFT_OPTIMIZATION_LEVEL = "-Onone";
			};
			name = Debug;
		};
		515E7E20200BCA89009A9484 /* Release */ = {
			isa = XCBuildConfiguration;
			buildSettings = {
				ALWAYS_SEARCH_USER_PATHS = NO;
				CLANG_ANALYZER_NONNULL = YES;
				CLANG_ANALYZER_NUMBER_OBJECT_CONVERSION = YES_AGGRESSIVE;
				CLANG_CXX_LANGUAGE_STANDARD = "gnu++14";
				CLANG_CXX_LIBRARY = "libc++";
				CLANG_ENABLE_MODULES = YES;
				CLANG_ENABLE_OBJC_ARC = YES;
				CLANG_WARN_BLOCK_CAPTURE_AUTORELEASING = YES;
				CLANG_WARN_BOOL_CONVERSION = YES;
				CLANG_WARN_COMMA = YES;
				CLANG_WARN_CONSTANT_CONVERSION = YES;
				CLANG_WARN_DIRECT_OBJC_ISA_USAGE = YES_ERROR;
				CLANG_WARN_DOCUMENTATION_COMMENTS = YES;
				CLANG_WARN_EMPTY_BODY = YES;
				CLANG_WARN_ENUM_CONVERSION = YES;
				CLANG_WARN_INFINITE_RECURSION = YES;
				CLANG_WARN_INT_CONVERSION = YES;
				CLANG_WARN_NON_LITERAL_NULL_CONVERSION = YES;
				CLANG_WARN_OBJC_LITERAL_CONVERSION = YES;
				CLANG_WARN_OBJC_ROOT_CLASS = YES_ERROR;
				CLANG_WARN_RANGE_LOOP_ANALYSIS = YES;
				CLANG_WARN_STRICT_PROTOTYPES = YES;
				CLANG_WARN_SUSPICIOUS_MOVE = YES;
				CLANG_WARN_UNGUARDED_AVAILABILITY = YES_AGGRESSIVE;
				CLANG_WARN_UNREACHABLE_CODE = YES;
				CLANG_WARN__DUPLICATE_METHOD_MATCH = YES;
				CODE_SIGN_IDENTITY = "iPhone Developer";
				COPY_PHASE_STRIP = NO;
				DEBUG_INFORMATION_FORMAT = "dwarf-with-dsym";
				ENABLE_NS_ASSERTIONS = NO;
				ENABLE_STRICT_OBJC_MSGSEND = YES;
				GCC_C_LANGUAGE_STANDARD = gnu11;
				GCC_NO_COMMON_BLOCKS = YES;
				GCC_WARN_64_TO_32_BIT_CONVERSION = YES;
				GCC_WARN_ABOUT_RETURN_TYPE = YES_ERROR;
				GCC_WARN_UNDECLARED_SELECTOR = YES;
				GCC_WARN_UNINITIALIZED_AUTOS = YES_AGGRESSIVE;
				GCC_WARN_UNUSED_FUNCTION = YES;
				GCC_WARN_UNUSED_VARIABLE = YES;
				IPHONEOS_DEPLOYMENT_TARGET = 11.2;
				MTL_ENABLE_DEBUG_INFO = NO;
				SDKROOT = iphoneos;
				SWIFT_OPTIMIZATION_LEVEL = "-Owholemodule";
				VALIDATE_PRODUCT = YES;
			};
			name = Release;
		};
		515E7E22200BCA89009A9484 /* Debug */ = {
			isa = XCBuildConfiguration;
			buildSettings = {
				ASSETCATALOG_COMPILER_APPICON_NAME = AppIcon;
				CODE_SIGN_STYLE = Automatic;
				DEVELOPMENT_TEAM = XP5H4CZU27;
				INFOPLIST_FILE = HERE/Info.plist;
				LD_RUNPATH_SEARCH_PATHS = "$(inherited) @executable_path/Frameworks";
				PRODUCT_BUNDLE_IDENTIFIER = anisimov.HERE;
				PRODUCT_NAME = "$(TARGET_NAME)";
				SWIFT_VERSION = 4.0;
				TARGETED_DEVICE_FAMILY = "1,2";
			};
			name = Debug;
		};
		515E7E23200BCA89009A9484 /* Release */ = {
			isa = XCBuildConfiguration;
			buildSettings = {
				ASSETCATALOG_COMPILER_APPICON_NAME = AppIcon;
				CODE_SIGN_STYLE = Automatic;
				DEVELOPMENT_TEAM = XP5H4CZU27;
				INFOPLIST_FILE = HERE/Info.plist;
				LD_RUNPATH_SEARCH_PATHS = "$(inherited) @executable_path/Frameworks";
				PRODUCT_BUNDLE_IDENTIFIER = anisimov.HERE;
				PRODUCT_NAME = "$(TARGET_NAME)";
				SWIFT_VERSION = 4.0;
				TARGETED_DEVICE_FAMILY = "1,2";
			};
			name = Release;
		};
/* End XCBuildConfiguration section */

/* Begin XCConfigurationList section */
		515E7E0A200BCA89009A9484 /* Build configuration list for PBXProject "HERE" */ = {
			isa = XCConfigurationList;
			buildConfigurations = (
				515E7E1F200BCA89009A9484 /* Debug */,
				515E7E20200BCA89009A9484 /* Release */,
			);
			defaultConfigurationIsVisible = 0;
			defaultConfigurationName = Release;
		};
		515E7E21200BCA89009A9484 /* Build configuration list for PBXNativeTarget "HERE" */ = {
			isa = XCConfigurationList;
			buildConfigurations = (
				515E7E22200BCA89009A9484 /* Debug */,
				515E7E23200BCA89009A9484 /* Release */,
			);
			defaultConfigurationIsVisible = 0;
			defaultConfigurationName = Release;
		};
/* End XCConfigurationList section */
	};
	rootObject = 515E7E07200BCA89009A9484 /* Project object */;
}
